
Microsoft Visual Studio Solution File, Format Version 12.00
# Visual Studio 2015
Project("{FAE04EC0-301F-11D3-BF4B-00C04F79EFBC}") = "Tp-Motores-Alonso-Campos-Franco-Pina-master", "Tp-Motores-Alonso-Campos-Franco-Pina-master.csproj", "{5F353A24-CA16-2025-E635-7031CB471ABE}"
EndProject
Project("{FAE04EC0-301F-11D3-BF4B-00C04F79EFBC}") = "Tp-Motores-Alonso-Campos-Franco-Pina-master.Editor", "Tp-Motores-Alonso-Campos-Franco-Pina-master.Editor.csproj", "{AA61F7AE-9F2D-9B53-4FCD-2A62056522B0}"
EndProject
Global
	GlobalSection(SolutionConfigurationPlatforms) = preSolution
		Debug|Any CPU = Debug|Any CPU
		Release|Any CPU = Release|Any CPU
	EndGlobalSection
	GlobalSection(ProjectConfigurationPlatforms) = postSolution
		{5F353A24-CA16-2025-E635-7031CB471ABE}.Debug|Any CPU.ActiveCfg = Debug|Any CPU
		{5F353A24-CA16-2025-E635-7031CB471ABE}.Debug|Any CPU.Build.0 = Debug|Any CPU
		{5F353A24-CA16-2025-E635-7031CB471ABE}.Release|Any CPU.ActiveCfg = Release|Any CPU
		{5F353A24-CA16-2025-E635-7031CB471ABE}.Release|Any CPU.Build.0 = Release|Any CPU
		{AA61F7AE-9F2D-9B53-4FCD-2A62056522B0}.Debug|Any CPU.ActiveCfg = Debug|Any CPU
		{AA61F7AE-9F2D-9B53-4FCD-2A62056522B0}.Debug|Any CPU.Build.0 = Debug|Any CPU
		{AA61F7AE-9F2D-9B53-4FCD-2A62056522B0}.Release|Any CPU.ActiveCfg = Release|Any CPU
		{AA61F7AE-9F2D-9B53-4FCD-2A62056522B0}.Release|Any CPU.Build.0 = Release|Any CPU
	EndGlobalSection
	GlobalSection(SolutionProperties) = preSolution
		HideSolutionNode = FALSE
	EndGlobalSection
EndGlobal
